
Microsoft Visual Studio Solution File, Format Version 12.00
# Visual Studio Version 17
VisualStudioVersion = 17.5.002.0
MinimumVisualStudioVersion = 10.0.40219.1
Project("{2150E333-8FDC-42A3-9474-1A3956D46DE8}") = "Lessons", "Lessons", "{507F3BA4-E132-4934-8282-8E475A15B723}"
EndProject
Project("{FAE04EC0-301F-11D3-BF4B-00C04F79EFBC}") = "Bai1", "Lessons\Bai1\Bai1.csproj", "{F5201C14-17A6-46FE-B281-95D92F0E9FF3}"
EndProject
Project("{FAE04EC0-301F-11D3-BF4B-00C04F79EFBC}") = "Bai2", "Lessons\Bai2\Bai2.csproj", "{DE94B41C-E664-495F-AF9D-63F0828A8AC8}"
EndProject
Global
	GlobalSection(SolutionConfigurationPlatforms) = preSolution
		Debug|Any CPU = Debug|Any CPU
		Release|Any CPU = Release|Any CPU
	EndGlobalSection
	GlobalSection(ProjectConfigurationPlatforms) = postSolution
		{C66D92AC-18A4-4AA4-A923-28BEA3FCB248}.Debug|Any CPU.ActiveCfg = Debug|Any CPU
		{C66D92AC-18A4-4AA4-A923-28BEA3FCB248}.Debug|Any CPU.Build.0 = Debug|Any CPU
		{C66D92AC-18A4-4AA4-A923-28BEA3FCB248}.Release|Any CPU.ActiveCfg = Release|Any CPU
		{C66D92AC-18A4-4AA4-A923-28BEA3FCB248}.Release|Any CPU.Build.0 = Release|Any CPU
		{FB7E77AD-ECAB-4479-A721-8F833811B810}.Debug|Any CPU.ActiveCfg = Debug|Any CPU
		{FB7E77AD-ECAB-4479-A721-8F833811B810}.Debug|Any CPU.Build.0 = Debug|Any CPU
		{FB7E77AD-ECAB-4479-A721-8F833811B810}.Release|Any CPU.ActiveCfg = Release|Any CPU
		{FB7E77AD-ECAB-4479-A721-8F833811B810}.Release|Any CPU.Build.0 = Release|Any CPU
		{1EC56B03-1789-444B-AB34-FF3DCD440A7F}.Debug|Any CPU.ActiveCfg = Debug|Any CPU
		{1EC56B03-1789-444B-AB34-FF3DCD440A7F}.Debug|Any CPU.Build.0 = Debug|Any CPU
		{1EC56B03-1789-444B-AB34-FF3DCD440A7F}.Release|Any CPU.ActiveCfg = Release|Any CPU
		{1EC56B03-1789-444B-AB34-FF3DCD440A7F}.Release|Any CPU.Build.0 = Release|Any CPU
		{C2088457-5979-41E5-A512-3A88BC7C2C56}.Debug|Any CPU.ActiveCfg = Debug|Any CPU
		{C2088457-5979-41E5-A512-3A88BC7C2C56}.Debug|Any CPU.Build.0 = Debug|Any CPU
		{C2088457-5979-41E5-A512-3A88BC7C2C56}.Release|Any CPU.ActiveCfg = Release|Any CPU
		{C2088457-5979-41E5-A512-3A88BC7C2C56}.Release|Any CPU.Build.0 = Release|Any CPU
		{FB8A38ED-7966-400D-B403-BEFD755957B5}.Debug|Any CPU.ActiveCfg = Debug|Any CPU
		{FB8A38ED-7966-400D-B403-BEFD755957B5}.Debug|Any CPU.Build.0 = Debug|Any CPU
		{FB8A38ED-7966-400D-B403-BEFD755957B5}.Release|Any CPU.ActiveCfg = Release|Any CPU
		{FB8A38ED-7966-400D-B403-BEFD755957B5}.Release|Any CPU.Build.0 = Release|Any CPU
		{8338E6FC-6205-4EBC-A2C5-07A4D0B89172}.Debug|Any CPU.ActiveCfg = Debug|Any CPU
		{8338E6FC-6205-4EBC-A2C5-07A4D0B89172}.Debug|Any CPU.Build.0 = Debug|Any CPU
		{8338E6FC-6205-4EBC-A2C5-07A4D0B89172}.Release|Any CPU.ActiveCfg = Release|Any CPU
		{8338E6FC-6205-4EBC-A2C5-07A4D0B89172}.Release|Any CPU.Build.0 = Release|Any CPU
		{F5201C14-17A6-46FE-B281-95D92F0E9FF3}.Debug|Any CPU.ActiveCfg = Debug|Any CPU
		{F5201C14-17A6-46FE-B281-95D92F0E9FF3}.Debug|Any CPU.Build.0 = Debug|Any CPU
		{F5201C14-17A6-46FE-B281-95D92F0E9FF3}.Release|Any CPU.ActiveCfg = Release|Any CPU
		{F5201C14-17A6-46FE-B281-95D92F0E9FF3}.Release|Any CPU.Build.0 = Release|Any CPU
		{DE94B41C-E664-495F-AF9D-63F0828A8AC8}.Debug|Any CPU.ActiveCfg = Debug|Any CPU
		{DE94B41C-E664-495F-AF9D-63F0828A8AC8}.Debug|Any CPU.Build.0 = Debug|Any CPU
		{DE94B41C-E664-495F-AF9D-63F0828A8AC8}.Release|Any CPU.ActiveCfg = Release|Any CPU
		{DE94B41C-E664-495F-AF9D-63F0828A8AC8}.Release|Any CPU.Build.0 = Release|Any CPU
	EndGlobalSection
	GlobalSection(SolutionProperties) = preSolution
		HideSolutionNode = FALSE
	EndGlobalSection
	GlobalSection(ExtensibilityGlobals) = postSolution
		SolutionGuid = {43CE36A8-165E-4CC6-8A63-00C0FC0967C5}
	EndGlobalSection
	GlobalSection(NestedProjects) = preSolution
		{F5201C14-17A6-46FE-B281-95D92F0E9FF3} = {507F3BA4-E132-4934-8282-8E475A15B723}
		{DE94B41C-E664-495F-AF9D-63F0828A8AC8} = {507F3BA4-E132-4934-8282-8E475A15B723}
	EndGlobalSection
EndGlobal
